
Microsoft Visual Studio Solution File, Format Version 12.00
Project("{FAE04EC0-301F-11D3-BF4B-00C04F79EFBC}") = "Hotovec.Orders.Api", "src\Hotovec.Orders.Api\Hotovec.Orders.Api.csproj", "{C83558D2-B5CF-43BE-946A-8C2E513A6E25}"
EndProject
Project("{FAE04EC0-301F-11D3-BF4B-00C04F79EFBC}") = "Hotovec.Orders.Domain", "src\Hotovec.Orders.Domain\Hotovec.Orders.Domain.csproj", "{FD20A286-D43D-4A7E-A00B-80FB8AC05765}"
EndProject
Project("{FAE04EC0-301F-11D3-BF4B-00C04F79EFBC}") = "Hotovec.Orders.Application", "src\Hotovec.Orders.Application\Hotovec.Orders.Application.csproj", "{5793884A-FCFE-421F-A211-7D389699C224}"
EndProject
Project("{FAE04EC0-301F-11D3-BF4B-00C04F79EFBC}") = "Hotovec.Orders.Infrastructure", "src\Hotovec.Orders.Infrastructure\Hotovec.Orders.Infrastructure.csproj", "{15AFD16E-EA85-4C64-A0B1-2A14B5215443}"
EndProject
Project("{FAE04EC0-301F-11D3-BF4B-00C04F79EFBC}") = "Hotovec.Orders.Infrastructure.Test", "test\Hotovec.Orders.Infrastructure.Test\Hotovec.Orders.Infrastructure.Test.csproj", "{F7AD4A07-37AB-4A14-A75B-E34C59546829}"
EndProject
Project("{2150E333-8FDC-42A3-9474-1A3956D46DE8}") = "test", "test", "{DD54764B-956A-4DFE-A0EC-8B92EFCDEB0C}"
EndProject
Project("{2150E333-8FDC-42A3-9474-1A3956D46DE8}") = "src", "src", "{E215644A-5245-4EB1-AEAF-9AB4EF068844}"
EndProject
Project("{FAE04EC0-301F-11D3-BF4B-00C04F79EFBC}") = "Hotovec.Orders.Domain.Test", "test\Hotovec.Orders.Domain.Test\Hotovec.Orders.Domain.Test.csproj", "{A90E967C-9FE5-4CD0-ABE6-102B2DAAF1AD}"
EndProject
Project("{FAE04EC0-301F-11D3-BF4B-00C04F79EFBC}") = "Hotovec.Orders.Application.Test", "test\Hotovec.Orders.Application.Test\Hotovec.Orders.Application.Test.csproj", "{03EFA297-24D6-4E3C-8E9E-A63294D3651A}"
EndProject
Project("{FAE04EC0-301F-11D3-BF4B-00C04F79EFBC}") = "Hotovec.Orders.Api.Test", "test\Hotovec.Orders.Api.Test\Hotovec.Orders.Api.Test.csproj", "{BE17F13E-090F-481B-AEE4-E0F9A7D75392}"
EndProject
Project("{FAE04EC0-301F-11D3-BF4B-00C04F79EFBC}") = "Hotovec.Orders.Test", "test\Hotovec.Orders.Test\Hotovec.Orders.Test.csproj", "{98551137-0B8E-4527-87F7-D5036E7509BC}"
EndProject
Project("{FAE04EC0-301F-11D3-BF4B-00C04F79EFBC}") = "Hotovec.Orders.Integration.Test", "test\Hotovec.Orders.Integration.Test\Hotovec.Orders.Integration.Test.csproj", "{BC133442-5C97-4A43-8662-16A617947D14}"
EndProject
Project("{2150E333-8FDC-42A3-9474-1A3956D46DE8}") = "yaml", "yaml", "{A9E97BCB-1E55-4BB8-93CF-6BFBB9621743}"
	ProjectSection(SolutionItems) = preProject
		compose.yaml = compose.yaml
	EndProjectSection
EndProject
Project("{FAE04EC0-301F-11D3-BF4B-00C04F79EFBC}") = "Hotovec.Orders.Performance.Test", "test\Hotovec.Orders.Performance.Test\Hotovec.Orders.Performance.Test.csproj", "{CCFED497-B8BF-47D5-94A6-B34246C8CBF2}"
EndProject
Project("{FAE04EC0-301F-11D3-BF4B-00C04F79EFBC}") = "Hotovec.Orders.Architecture.Test", "test\Hotovec.Orders.Architecture.Test\Hotovec.Orders.Architecture.Test.csproj", "{455B3A45-638E-4E2B-B94F-BF2982DA45D0}"
EndProject
Global
	GlobalSection(SolutionConfigurationPlatforms) = preSolution
		Debug|Any CPU = Debug|Any CPU
		Release|Any CPU = Release|Any CPU
	EndGlobalSection
	GlobalSection(ProjectConfigurationPlatforms) = postSolution
		{C83558D2-B5CF-43BE-946A-8C2E513A6E25}.Debug|Any CPU.ActiveCfg = Debug|Any CPU
		{C83558D2-B5CF-43BE-946A-8C2E513A6E25}.Debug|Any CPU.Build.0 = Debug|Any CPU
		{C83558D2-B5CF-43BE-946A-8C2E513A6E25}.Release|Any CPU.ActiveCfg = Release|Any CPU
		{C83558D2-B5CF-43BE-946A-8C2E513A6E25}.Release|Any CPU.Build.0 = Release|Any CPU
		{FD20A286-D43D-4A7E-A00B-80FB8AC05765}.Debug|Any CPU.ActiveCfg = Debug|Any CPU
		{FD20A286-D43D-4A7E-A00B-80FB8AC05765}.Debug|Any CPU.Build.0 = Debug|Any CPU
		{FD20A286-D43D-4A7E-A00B-80FB8AC05765}.Release|Any CPU.ActiveCfg = Release|Any CPU
		{FD20A286-D43D-4A7E-A00B-80FB8AC05765}.Release|Any CPU.Build.0 = Release|Any CPU
		{5793884A-FCFE-421F-A211-7D389699C224}.Debug|Any CPU.ActiveCfg = Debug|Any CPU
		{5793884A-FCFE-421F-A211-7D389699C224}.Debug|Any CPU.Build.0 = Debug|Any CPU
		{5793884A-FCFE-421F-A211-7D389699C224}.Release|Any CPU.ActiveCfg = Release|Any CPU
		{5793884A-FCFE-421F-A211-7D389699C224}.Release|Any CPU.Build.0 = Release|Any CPU
		{15AFD16E-EA85-4C64-A0B1-2A14B5215443}.Debug|Any CPU.ActiveCfg = Debug|Any CPU
		{15AFD16E-EA85-4C64-A0B1-2A14B5215443}.Debug|Any CPU.Build.0 = Debug|Any CPU
		{15AFD16E-EA85-4C64-A0B1-2A14B5215443}.Release|Any CPU.ActiveCfg = Release|Any CPU
		{15AFD16E-EA85-4C64-A0B1-2A14B5215443}.Release|Any CPU.Build.0 = Release|Any CPU
		{F7AD4A07-37AB-4A14-A75B-E34C59546829}.Debug|Any CPU.ActiveCfg = Debug|Any CPU
		{F7AD4A07-37AB-4A14-A75B-E34C59546829}.Debug|Any CPU.Build.0 = Debug|Any CPU
		{F7AD4A07-37AB-4A14-A75B-E34C59546829}.Release|Any CPU.ActiveCfg = Release|Any CPU
		{F7AD4A07-37AB-4A14-A75B-E34C59546829}.Release|Any CPU.Build.0 = Release|Any CPU
		{A90E967C-9FE5-4CD0-ABE6-102B2DAAF1AD}.Debug|Any CPU.ActiveCfg = Debug|Any CPU
		{A90E967C-9FE5-4CD0-ABE6-102B2DAAF1AD}.Debug|Any CPU.Build.0 = Debug|Any CPU
		{A90E967C-9FE5-4CD0-ABE6-102B2DAAF1AD}.Release|Any CPU.ActiveCfg = Release|Any CPU
		{A90E967C-9FE5-4CD0-ABE6-102B2DAAF1AD}.Release|Any CPU.Build.0 = Release|Any CPU
		{03EFA297-24D6-4E3C-8E9E-A63294D3651A}.Debug|Any CPU.ActiveCfg = Debug|Any CPU
		{03EFA297-24D6-4E3C-8E9E-A63294D3651A}.Debug|Any CPU.Build.0 = Debug|Any CPU
		{03EFA297-24D6-4E3C-8E9E-A63294D3651A}.Release|Any CPU.ActiveCfg = Release|Any CPU
		{03EFA297-24D6-4E3C-8E9E-A63294D3651A}.Release|Any CPU.Build.0 = Release|Any CPU
		{BE17F13E-090F-481B-AEE4-E0F9A7D75392}.Debug|Any CPU.ActiveCfg = Debug|Any CPU
		{BE17F13E-090F-481B-AEE4-E0F9A7D75392}.Debug|Any CPU.Build.0 = Debug|Any CPU
		{BE17F13E-090F-481B-AEE4-E0F9A7D75392}.Release|Any CPU.ActiveCfg = Release|Any CPU
		{BE17F13E-090F-481B-AEE4-E0F9A7D75392}.Release|Any CPU.Build.0 = Release|Any CPU
		{98551137-0B8E-4527-87F7-D5036E7509BC}.Debug|Any CPU.ActiveCfg = Debug|Any CPU
		{98551137-0B8E-4527-87F7-D5036E7509BC}.Debug|Any CPU.Build.0 = Debug|Any CPU
		{98551137-0B8E-4527-87F7-D5036E7509BC}.Release|Any CPU.ActiveCfg = Release|Any CPU
		{98551137-0B8E-4527-87F7-D5036E7509BC}.Release|Any CPU.Build.0 = Release|Any CPU
		{BC133442-5C97-4A43-8662-16A617947D14}.Debug|Any CPU.ActiveCfg = Debug|Any CPU
		{BC133442-5C97-4A43-8662-16A617947D14}.Debug|Any CPU.Build.0 = Debug|Any CPU
		{BC133442-5C97-4A43-8662-16A617947D14}.Release|Any CPU.ActiveCfg = Release|Any CPU
		{BC133442-5C97-4A43-8662-16A617947D14}.Release|Any CPU.Build.0 = Release|Any CPU
		{CCFED497-B8BF-47D5-94A6-B34246C8CBF2}.Debug|Any CPU.ActiveCfg = Debug|Any CPU
		{CCFED497-B8BF-47D5-94A6-B34246C8CBF2}.Debug|Any CPU.Build.0 = Debug|Any CPU
		{CCFED497-B8BF-47D5-94A6-B34246C8CBF2}.Release|Any CPU.ActiveCfg = Release|Any CPU
		{CCFED497-B8BF-47D5-94A6-B34246C8CBF2}.Release|Any CPU.Build.0 = Release|Any CPU
		{455B3A45-638E-4E2B-B94F-BF2982DA45D0}.Debug|Any CPU.ActiveCfg = Debug|Any CPU
		{455B3A45-638E-4E2B-B94F-BF2982DA45D0}.Debug|Any CPU.Build.0 = Debug|Any CPU
		{455B3A45-638E-4E2B-B94F-BF2982DA45D0}.Release|Any CPU.ActiveCfg = Release|Any CPU
		{455B3A45-638E-4E2B-B94F-BF2982DA45D0}.Release|Any CPU.Build.0 = Release|Any CPU
	EndGlobalSection
	GlobalSection(NestedProjects) = preSolution
		{F7AD4A07-37AB-4A14-A75B-E34C59546829} = {DD54764B-956A-4DFE-A0EC-8B92EFCDEB0C}
		{C83558D2-B5CF-43BE-946A-8C2E513A6E25} = {E215644A-5245-4EB1-AEAF-9AB4EF068844}
		{5793884A-FCFE-421F-A211-7D389699C224} = {E215644A-5245-4EB1-AEAF-9AB4EF068844}
		{FD20A286-D43D-4A7E-A00B-80FB8AC05765} = {E215644A-5245-4EB1-AEAF-9AB4EF068844}
		{15AFD16E-EA85-4C64-A0B1-2A14B5215443} = {E215644A-5245-4EB1-AEAF-9AB4EF068844}
		{A90E967C-9FE5-4CD0-ABE6-102B2DAAF1AD} = {DD54764B-956A-4DFE-A0EC-8B92EFCDEB0C}
		{03EFA297-24D6-4E3C-8E9E-A63294D3651A} = {DD54764B-956A-4DFE-A0EC-8B92EFCDEB0C}
		{BE17F13E-090F-481B-AEE4-E0F9A7D75392} = {DD54764B-956A-4DFE-A0EC-8B92EFCDEB0C}
		{98551137-0B8E-4527-87F7-D5036E7509BC} = {DD54764B-956A-4DFE-A0EC-8B92EFCDEB0C}
		{BC133442-5C97-4A43-8662-16A617947D14} = {DD54764B-956A-4DFE-A0EC-8B92EFCDEB0C}
		{CCFED497-B8BF-47D5-94A6-B34246C8CBF2} = {DD54764B-956A-4DFE-A0EC-8B92EFCDEB0C}
		{455B3A45-638E-4E2B-B94F-BF2982DA45D0} = {DD54764B-956A-4DFE-A0EC-8B92EFCDEB0C}
	EndGlobalSection
EndGlobal
